
Microsoft Visual Studio Solution File, Format Version 12.00
# Visual Studio Version 16
VisualStudioVersion = 16.0.31624.102
MinimumVisualStudioVersion = 10.0.40219.1
Project("{FAE04EC0-301F-11D3-BF4B-00C04F79EFBC}") = "rent_a_car", "rent_a_car\rent_a_car.csproj", "{9F31D82A-2F36-4C9F-9A52-7E3C24D0817E}"
EndProject
Global
	GlobalSection(SolutionConfigurationPlatforms) = preSolution
		Debug|Any CPU = Debug|Any CPU
		Release|Any CPU = Release|Any CPU
	EndGlobalSection
	GlobalSection(ProjectConfigurationPlatforms) = postSolution
		{9F31D82A-2F36-4C9F-9A52-7E3C24D0817E}.Debug|Any CPU.ActiveCfg = Debug|Any CPU
		{9F31D82A-2F36-4C9F-9A52-7E3C24D0817E}.Debug|Any CPU.Build.0 = Debug|Any CPU
		{9F31D82A-2F36-4C9F-9A52-7E3C24D0817E}.Release|Any CPU.ActiveCfg = Release|Any CPU
		{9F31D82A-2F36-4C9F-9A52-7E3C24D0817E}.Release|Any CPU.Build.0 = Release|Any CPU
	EndGlobalSection
	GlobalSection(SolutionProperties) = preSolution
		HideSolutionNode = FALSE
	EndGlobalSection
	GlobalSection(ExtensibilityGlobals) = postSolution
		SolutionGuid = {CACC5730-A7FB-4514-82B0-E812996C66B2}
	EndGlobalSection
EndGlobal
